
Microsoft Visual Studio Solution File, Format Version 12.00
# Visual Studio Version 16
VisualStudioVersion = 16.0.29920.165
MinimumVisualStudioVersion = 10.0.40219.1
Project("{FAE04EC0-301F-11D3-BF4B-00C04F79EFBC}") = "PortScanner", "PortScanner.csproj", "{B124BC1F-CCFB-49F0-B082-F13644F66069}"
EndProject
Global
	GlobalSection(SolutionConfigurationPlatforms) = preSolution
		Debug|Any CPU = Debug|Any CPU
		Release|Any CPU = Release|Any CPU
	EndGlobalSection
	GlobalSection(ProjectConfigurationPlatforms) = postSolution
		{B124BC1F-CCFB-49F0-B082-F13644F66069}.Debug|Any CPU.ActiveCfg = Debug|Any CPU
		{B124BC1F-CCFB-49F0-B082-F13644F66069}.Debug|Any CPU.Build.0 = Debug|Any CPU
		{B124BC1F-CCFB-49F0-B082-F13644F66069}.Release|Any CPU.ActiveCfg = Release|Any CPU
		{B124BC1F-CCFB-49F0-B082-F13644F66069}.Release|Any CPU.Build.0 = Release|Any CPU
	EndGlobalSection
	GlobalSection(SolutionProperties) = preSolution
		HideSolutionNode = FALSE
	EndGlobalSection
	GlobalSection(ExtensibilityGlobals) = postSolution
		SolutionGuid = {6E9AAC8E-4623-4047-89C2-D936E48F22DD}
	EndGlobalSection
EndGlobal
